{
  "name": "bulma-clean-theme",
  "version": "1.0.0",
  "lockfileVersion": 2,
  "requires": true,
  "packages": {
    "": {
      "version": "1.0.0",
      "license": "MIT",
      "dependencies": {
        "bulma": "^0.9.3",
        "bulma-block-list": "^0.6"
      },
      "devDependencies": {}
    },
    "node_modules/bulma": {
      "version": "0.9.3",
      "resolved": "https://registry.npmjs.org/bulma/-/bulma-0.9.3.tgz",
      "integrity": "sha512-0d7GNW1PY4ud8TWxdNcP6Cc8Bu7MxcntD/RRLGWuiw/s0a9P+XlH/6QoOIrmbj6o8WWJzJYhytiu9nFjTszk1g=="
    },
    "node_modules/bulma-block-list": {
      "version": "0.6.0",
      "resolved": "https://registry.npmjs.org/bulma-block-list/-/bulma-block-list-0.6.0.tgz",
      "integrity": "sha512-Ub+5DS14YN1zTxfq2WbP7c3wfUKq2SpOTbFa8brhHUJe73WSfIgXQg02SYpbYWGalEkaflIRjzGKX35N4/jGOA==",
      "dependencies": {
        "bulma": "^0.9.3"
      }
    }
  },
  "dependencies": {
    "bulma": {
      "version": "0.9.3",
      "resolved": "https://registry.npmjs.org/bulma/-/bulma-0.9.3.tgz",
      "integrity": "sha512-0d7GNW1PY4ud8TWxdNcP6Cc8Bu7MxcntD/RRLGWuiw/s0a9P+XlH/6QoOIrmbj6o8WWJzJYhytiu9nFjTszk1g=="
    },
    "bulma-block-list": {
      "version": "0.6.0",
      "resolved": "https://registry.npmjs.org/bulma-block-list/-/bulma-block-list-0.6.0.tgz",
      "integrity": "sha512-Ub+5DS14YN1zTxfq2WbP7c3wfUKq2SpOTbFa8brhHUJe73WSfIgXQg02SYpbYWGalEkaflIRjzGKX35N4/jGOA==",
      "requires": {
        "bulma": "^0.9.3"
      }
    }
  }
}
